// !$*UTF8*$!
{
	archiveVersion = 1;
	classes = {
	};
	objectVersion = 56;
	objects = {

/* Begin PBXBuildFile section */
		9D605CEE29E3C93F00813D9B /* SwiftUI_BasicsApp.swift in Sources */ = {isa = PBXBuildFile; fileRef = 9D605CED29E3C93F00813D9B /* SwiftUI_BasicsApp.swift */; };
		9D605CF029E3C93F00813D9B /* ContentView.swift in Sources */ = {isa = PBXBuildFile; fileRef = 9D605CEF29E3C93F00813D9B /* ContentView.swift */; };
		9D605CF229E3C94000813D9B /* Assets.xcassets in Resources */ = {isa = PBXBuildFile; fileRef = 9D605CF129E3C94000813D9B /* Assets.xcassets */; };
		9D605CF529E3C94000813D9B /* Preview Assets.xcassets in Resources */ = {isa = PBXBuildFile; fileRef = 9D605CF429E3C94000813D9B /* Preview Assets.xcassets */; };
		9D605D0129E3D39F00813D9B /* TextView.swift in Sources */ = {isa = PBXBuildFile; fileRef = 9D605D0029E3D39F00813D9B /* TextView.swift */; };
		9D605D0329E3D3CF00813D9B /* ImageView.swift in Sources */ = {isa = PBXBuildFile; fileRef = 9D605D0229E3D3CF00813D9B /* ImageView.swift */; };
		9D605D0529E3D40600813D9B /* ButtonView.swift in Sources */ = {isa = PBXBuildFile; fileRef = 9D605D0429E3D40600813D9B /* ButtonView.swift */; };
		9D605D0829E3DB9300813D9B /* HStackView.swift in Sources */ = {isa = PBXBuildFile; fileRef = 9D605D0729E3DB9300813D9B /* HStackView.swift */; };
		9D605D0A29E3DBB000813D9B /* VStackView.swift in Sources */ = {isa = PBXBuildFile; fileRef = 9D605D0929E3DBB000813D9B /* VStackView.swift */; };
		9D605D0C29E3DBBD00813D9B /* ZStackView.swift in Sources */ = {isa = PBXBuildFile; fileRef = 9D605D0B29E3DBBD00813D9B /* ZStackView.swift */; };
		9D605D0F29E3DD1300813D9B /* TextFieldView.swift in Sources */ = {isa = PBXBuildFile; fileRef = 9D605D0E29E3DD1300813D9B /* TextFieldView.swift */; };
		9D605D1129E3DD5900813D9B /* ToggleView.swift in Sources */ = {isa = PBXBuildFile; fileRef = 9D605D1029E3DD5900813D9B /* ToggleView.swift */; };
		9D605D1529E3DD7800813D9B /* PickerView.swift in Sources */ = {isa = PBXBuildFile; fileRef = 9D605D1429E3DD7800813D9B /* PickerView.swift */; };
		9D605D1E29E3DDFE00813D9B /* Scrollview.swift in Sources */ = {isa = PBXBuildFile; fileRef = 9D605D1D29E3DDFE00813D9B /* Scrollview.swift */; };
		9D605D2029E3DE1900813D9B /* ListView.swift in Sources */ = {isa = PBXBuildFile; fileRef = 9D605D1F29E3DE1900813D9B /* ListView.swift */; };
		9D605D2229E3DE2E00813D9B /* FormView.swift in Sources */ = {isa = PBXBuildFile; fileRef = 9D605D2129E3DE2E00813D9B /* FormView.swift */; };
		9D605D2C29E3DE8F00813D9B /* Navigations.swift in Sources */ = {isa = PBXBuildFile; fileRef = 9D605D2B29E3DE8F00813D9B /* Navigations.swift */; };
		9D7262B829E56C9900909652 /* ActionSheetView.swift in Sources */ = {isa = PBXBuildFile; fileRef = 9D7262B729E56C9900909652 /* ActionSheetView.swift */; };
		9D7262BA29E56CA600909652 /* AlertView.swift in Sources */ = {isa = PBXBuildFile; fileRef = 9D7262B929E56CA600909652 /* AlertView.swift */; };
		9D7262BC29E56D2000909652 /* PopoverView.swift in Sources */ = {isa = PBXBuildFile; fileRef = 9D7262BB29E56D2000909652 /* PopoverView.swift */; };
		9DB6AFA029E66C2D00BD41F0 /* NavigationExample.swift in Sources */ = {isa = PBXBuildFile; fileRef = 9DB6AF9F29E66C2D00BD41F0 /* NavigationExample.swift */; };
		9DF8119129E44FB40012C02D /* NavigationLinkEx.swift in Sources */ = {isa = PBXBuildFile; fileRef = 9DF8119029E44FB40012C02D /* NavigationLinkEx.swift */; };
/* End PBXBuildFile section */

/* Begin PBXFileReference section */
		9D605CEA29E3C93F00813D9B /* SwiftUI Basics.app */ = {isa = PBXFileReference; explicitFileType = wrapper.application; includeInIndex = 0; path = "SwiftUI Basics.app"; sourceTree = BUILT_PRODUCTS_DIR; };
		9D605CED29E3C93F00813D9B /* SwiftUI_BasicsApp.swift */ = {isa = PBXFileReference; lastKnownFileType = sourcecode.swift; path = SwiftUI_BasicsApp.swift; sourceTree = "<group>"; };
		9D605CEF29E3C93F00813D9B /* ContentView.swift */ = {isa = PBXFileReference; lastKnownFileType = sourcecode.swift; path = ContentView.swift; sourceTree = "<group>"; };
		9D605CF129E3C94000813D9B /* Assets.xcassets */ = {isa = PBXFileReference; lastKnownFileType = folder.assetcatalog; path = Assets.xcassets; sourceTree = "<group>"; };
		9D605CF429E3C94000813D9B /* Preview Assets.xcassets */ = {isa = PBXFileReference; lastKnownFileType = folder.assetcatalog; path = "Preview Assets.xcassets"; sourceTree = "<group>"; };
		9D605D0029E3D39F00813D9B /* TextView.swift */ = {isa = PBXFileReference; lastKnownFileType = sourcecode.swift; path = TextView.swift; sourceTree = "<group>"; };
		9D605D0229E3D3CF00813D9B /* ImageView.swift */ = {isa = PBXFileReference; lastKnownFileType = sourcecode.swift; path = ImageView.swift; sourceTree = "<group>"; };
		9D605D0429E3D40600813D9B /* ButtonView.swift */ = {isa = PBXFileReference; lastKnownFileType = sourcecode.swift; path = ButtonView.swift; sourceTree = "<group>"; };
		9D605D0729E3DB9300813D9B /* HStackView.swift */ = {isa = PBXFileReference; lastKnownFileType = sourcecode.swift; path = HStackView.swift; sourceTree = "<group>"; };
		9D605D0929E3DBB000813D9B /* VStackView.swift */ = {isa = PBXFileReference; lastKnownFileType = sourcecode.swift; path = VStackView.swift; sourceTree = "<group>"; };
		9D605D0B29E3DBBD00813D9B /* ZStackView.swift */ = {isa = PBXFileReference; lastKnownFileType = sourcecode.swift; path = ZStackView.swift; sourceTree = "<group>"; };
		9D605D0E29E3DD1300813D9B /* TextFieldView.swift */ = {isa = PBXFileReference; lastKnownFileType = sourcecode.swift; path = TextFieldView.swift; sourceTree = "<group>"; };
		9D605D1029E3DD5900813D9B /* ToggleView.swift */ = {isa = PBXFileReference; lastKnownFileType = sourcecode.swift; path = ToggleView.swift; sourceTree = "<group>"; };
		9D605D1429E3DD7800813D9B /* PickerView.swift */ = {isa = PBXFileReference; lastKnownFileType = sourcecode.swift; path = PickerView.swift; sourceTree = "<group>"; };
		9D605D1D29E3DDFE00813D9B /* Scrollview.swift */ = {isa = PBXFileReference; lastKnownFileType = sourcecode.swift; path = Scrollview.swift; sourceTree = "<group>"; };
		9D605D1F29E3DE1900813D9B /* ListView.swift */ = {isa = PBXFileReference; lastKnownFileType = sourcecode.swift; path = ListView.swift; sourceTree = "<group>"; };
		9D605D2129E3DE2E00813D9B /* FormView.swift */ = {isa = PBXFileReference; lastKnownFileType = sourcecode.swift; path = FormView.swift; sourceTree = "<group>"; };
		9D605D2B29E3DE8F00813D9B /* Navigations.swift */ = {isa = PBXFileReference; lastKnownFileType = sourcecode.swift; path = Navigations.swift; sourceTree = "<group>"; };
		9D7262B729E56C9900909652 /* ActionSheetView.swift */ = {isa = PBXFileReference; lastKnownFileType = sourcecode.swift; path = ActionSheetView.swift; sourceTree = "<group>"; };
		9D7262B929E56CA600909652 /* AlertView.swift */ = {isa = PBXFileReference; lastKnownFileType = sourcecode.swift; path = AlertView.swift; sourceTree = "<group>"; };
		9D7262BB29E56D2000909652 /* PopoverView.swift */ = {isa = PBXFileReference; lastKnownFileType = sourcecode.swift; path = PopoverView.swift; sourceTree = "<group>"; };
		9DB6AF9F29E66C2D00BD41F0 /* NavigationExample.swift */ = {isa = PBXFileReference; lastKnownFileType = sourcecode.swift; path = NavigationExample.swift; sourceTree = "<group>"; };
		9DF8119029E44FB40012C02D /* NavigationLinkEx.swift */ = {isa = PBXFileReference; lastKnownFileType = sourcecode.swift; path = NavigationLinkEx.swift; sourceTree = "<group>"; };
/* End PBXFileReference section */

/* Begin PBXFrameworksBuildPhase section */
		9D605CE729E3C93F00813D9B /* Frameworks */ = {
			isa = PBXFrameworksBuildPhase;
			buildActionMask = 2147483647;
			files = (
			);
			runOnlyForDeploymentPostprocessing = 0;
		};
/* End PBXFrameworksBuildPhase section */

/* Begin PBXGroup section */
		9D605CE129E3C93F00813D9B = {
			isa = PBXGroup;
			children = (
				9D605CEC29E3C93F00813D9B /* SwiftUI Basics */,
				9D605CEB29E3C93F00813D9B /* Products */,
			);
			sourceTree = "<group>";
		};
		9D605CEB29E3C93F00813D9B /* Products */ = {
			isa = PBXGroup;
			children = (
				9D605CEA29E3C93F00813D9B /* SwiftUI Basics.app */,
			);
			name = Products;
			sourceTree = "<group>";
		};
		9D605CEC29E3C93F00813D9B /* SwiftUI Basics */ = {
			isa = PBXGroup;
			children = (
				9D605D2A29E3DE6D00813D9B /* Navigations */,
				9D7262B629E56C8000909652 /* Presenters */,
				9D605D1A29E3DDA300813D9B /* Containers */,
				9D605D0D29E3DC2400813D9B /* UserInputs */,
				9D605D0629E3DB7900813D9B /* Stacks */,
				9D605CFB29E3D1DA00813D9B /* Basic */,
				9D605CED29E3C93F00813D9B /* SwiftUI_BasicsApp.swift */,
				9D605CEF29E3C93F00813D9B /* ContentView.swift */,
				9D605CF129E3C94000813D9B /* Assets.xcassets */,
				9D605CF329E3C94000813D9B /* Preview Content */,
			);
			path = "SwiftUI Basics";
			sourceTree = "<group>";
		};
		9D605CF329E3C94000813D9B /* Preview Content */ = {
			isa = PBXGroup;
			children = (
				9D605CF429E3C94000813D9B /* Preview Assets.xcassets */,
			);
			path = "Preview Content";
			sourceTree = "<group>";
		};
		9D605CFB29E3D1DA00813D9B /* Basic */ = {
			isa = PBXGroup;
			children = (
				9D605D0029E3D39F00813D9B /* TextView.swift */,
				9D605D0229E3D3CF00813D9B /* ImageView.swift */,
				9D605D0429E3D40600813D9B /* ButtonView.swift */,
			);
			path = Basic;
			sourceTree = "<group>";
		};
		9D605D0629E3DB7900813D9B /* Stacks */ = {
			isa = PBXGroup;
			children = (
				9D605D0729E3DB9300813D9B /* HStackView.swift */,
				9D605D0929E3DBB000813D9B /* VStackView.swift */,
				9D605D0B29E3DBBD00813D9B /* ZStackView.swift */,
			);
			path = Stacks;
			sourceTree = "<group>";
		};
		9D605D0D29E3DC2400813D9B /* UserInputs */ = {
			isa = PBXGroup;
			children = (
				9D605D0E29E3DD1300813D9B /* TextFieldView.swift */,
				9D605D1029E3DD5900813D9B /* ToggleView.swift */,
				9D605D1429E3DD7800813D9B /* PickerView.swift */,
			);
			path = UserInputs;
			sourceTree = "<group>";
		};
		9D605D1A29E3DDA300813D9B /* Containers */ = {
			isa = PBXGroup;
			children = (
				9D605D1D29E3DDFE00813D9B /* Scrollview.swift */,
				9D605D1F29E3DE1900813D9B /* ListView.swift */,
				9D605D2129E3DE2E00813D9B /* FormView.swift */,
			);
			path = Containers;
			sourceTree = "<group>";
		};
		9D605D2A29E3DE6D00813D9B /* Navigations */ = {
			isa = PBXGroup;
			children = (
				9D605D2B29E3DE8F00813D9B /* Navigations.swift */,
				9DF8119029E44FB40012C02D /* NavigationLinkEx.swift */,
				9DB6AF9F29E66C2D00BD41F0 /* NavigationExample.swift */,
			);
			path = Navigations;
			sourceTree = "<group>";
		};
		9D7262B629E56C8000909652 /* Presenters */ = {
			isa = PBXGroup;
			children = (
				9D7262B729E56C9900909652 /* ActionSheetView.swift */,
				9D7262B929E56CA600909652 /* AlertView.swift */,
				9D7262BB29E56D2000909652 /* PopoverView.swift */,
			);
			path = Presenters;
			sourceTree = "<group>";
		};
/* End PBXGroup section */

/* Begin PBXNativeTarget section */
		9D605CE929E3C93F00813D9B /* SwiftUI Basics */ = {
			isa = PBXNativeTarget;
			buildConfigurationList = 9D605CF829E3C94000813D9B /* Build configuration list for PBXNativeTarget "SwiftUI Basics" */;
			buildPhases = (
				9D605CE629E3C93F00813D9B /* Sources */,
				9D605CE729E3C93F00813D9B /* Frameworks */,
				9D605CE829E3C93F00813D9B /* Resources */,
			);
			buildRules = (
			);
			dependencies = (
			);
			name = "SwiftUI Basics";
			productName = "SwiftUI Basics";
			productReference = 9D605CEA29E3C93F00813D9B /* SwiftUI Basics.app */;
			productType = "com.apple.product-type.application";
		};
/* End PBXNativeTarget section */

/* Begin PBXProject section */
		9D605CE229E3C93F00813D9B /* Project object */ = {
			isa = PBXProject;
			attributes = {
				BuildIndependentTargetsInParallel = 1;
				LastSwiftUpdateCheck = 1420;
				LastUpgradeCheck = 1420;
				TargetAttributes = {
					9D605CE929E3C93F00813D9B = {
						CreatedOnToolsVersion = 14.2;
					};
				};
			};
			buildConfigurationList = 9D605CE529E3C93F00813D9B /* Build configuration list for PBXProject "SwiftUI Basics" */;
			compatibilityVersion = "Xcode 14.0";
			developmentRegion = en;
			hasScannedForEncodings = 0;
			knownRegions = (
				en,
				Base,
			);
			mainGroup = 9D605CE129E3C93F00813D9B;
			productRefGroup = 9D605CEB29E3C93F00813D9B /* Products */;
			projectDirPath = "";
			projectRoot = "";
			targets = (
				9D605CE929E3C93F00813D9B /* SwiftUI Basics */,
			);
		};
/* End PBXProject section */

/* Begin PBXResourcesBuildPhase section */
		9D605CE829E3C93F00813D9B /* Resources */ = {
			isa = PBXResourcesBuildPhase;
			buildActionMask = 2147483647;
			files = (
				9D605CF529E3C94000813D9B /* Preview Assets.xcassets in Resources */,
				9D605CF229E3C94000813D9B /* Assets.xcassets in Resources */,
			);
			runOnlyForDeploymentPostprocessing = 0;
		};
/* End PBXResourcesBuildPhase section */

/* Begin PBXSourcesBuildPhase section */
		9D605CE629E3C93F00813D9B /* Sources */ = {
			isa = PBXSourcesBuildPhase;
			buildActionMask = 2147483647;
			files = (
				9D605D2029E3DE1900813D9B /* ListView.swift in Sources */,
				9D605D0329E3D3CF00813D9B /* ImageView.swift in Sources */,
				9DF8119129E44FB40012C02D /* NavigationLinkEx.swift in Sources */,
				9D605D0129E3D39F00813D9B /* TextView.swift in Sources */,
				9D605D0529E3D40600813D9B /* ButtonView.swift in Sources */,
				9D7262BC29E56D2000909652 /* PopoverView.swift in Sources */,
				9D7262B829E56C9900909652 /* ActionSheetView.swift in Sources */,
				9D605D0A29E3DBB000813D9B /* VStackView.swift in Sources */,
				9D605CF029E3C93F00813D9B /* ContentView.swift in Sources */,
				9D605D0829E3DB9300813D9B /* HStackView.swift in Sources */,
				9D605D0C29E3DBBD00813D9B /* ZStackView.swift in Sources */,
				9D605D1529E3DD7800813D9B /* PickerView.swift in Sources */,
				9D7262BA29E56CA600909652 /* AlertView.swift in Sources */,
				9D605CEE29E3C93F00813D9B /* SwiftUI_BasicsApp.swift in Sources */,
				9D605D1E29E3DDFE00813D9B /* Scrollview.swift in Sources */,
				9D605D1129E3DD5900813D9B /* ToggleView.swift in Sources */,
				9D605D2229E3DE2E00813D9B /* FormView.swift in Sources */,
				9D605D2C29E3DE8F00813D9B /* Navigations.swift in Sources */,
				9DB6AFA029E66C2D00BD41F0 /* NavigationExample.swift in Sources */,
				9D605D0F29E3DD1300813D9B /* TextFieldView.swift in Sources */,
			);
			runOnlyForDeploymentPostprocessing = 0;
		};
/* End PBXSourcesBuildPhase section */

/* Begin XCBuildConfiguration section */
		9D605CF629E3C94000813D9B /* Debug */ = {
			isa = XCBuildConfiguration;
			buildSettings = {
				ALWAYS_SEARCH_USER_PATHS = NO;
				CLANG_ANALYZER_NONNULL = YES;
				CLANG_ANALYZER_NUMBER_OBJECT_CONVERSION = YES_AGGRESSIVE;
				CLANG_CXX_LANGUAGE_STANDARD = "gnu++20";
				CLANG_ENABLE_MODULES = YES;
				CLANG_ENABLE_OBJC_ARC = YES;
				CLANG_ENABLE_OBJC_WEAK = YES;
				CLANG_WARN_BLOCK_CAPTURE_AUTORELEASING = YES;
				CLANG_WARN_BOOL_CONVERSION = YES;
				CLANG_WARN_COMMA = YES;
				CLANG_WARN_CONSTANT_CONVERSION = YES;
				CLANG_WARN_DEPRECATED_OBJC_IMPLEMENTATIONS = YES;
				CLANG_WARN_DIRECT_OBJC_ISA_USAGE = YES_ERROR;
				CLANG_WARN_DOCUMENTATION_COMMENTS = YES;
				CLANG_WARN_EMPTY_BODY = YES;
				CLANG_WARN_ENUM_CONVERSION = YES;
				CLANG_WARN_INFINITE_RECURSION = YES;
				CLANG_WARN_INT_CONVERSION = YES;
				CLANG_WARN_NON_LITERAL_NULL_CONVERSION = YES;
				CLANG_WARN_OBJC_IMPLICIT_RETAIN_SELF = YES;
				CLANG_WARN_OBJC_LITERAL_CONVERSION = YES;
				CLANG_WARN_OBJC_ROOT_CLASS = YES_ERROR;
				CLANG_WARN_QUOTED_INCLUDE_IN_FRAMEWORK_HEADER = YES;
				CLANG_WARN_RANGE_LOOP_ANALYSIS = YES;
				CLANG_WARN_STRICT_PROTOTYPES = YES;
				CLANG_WARN_SUSPICIOUS_MOVE = YES;
				CLANG_WARN_UNGUARDED_AVAILABILITY = YES_AGGRESSIVE;
				CLANG_WARN_UNREACHABLE_CODE = YES;
				CLANG_WARN__DUPLICATE_METHOD_MATCH = YES;
				COPY_PHASE_STRIP = NO;
				DEBUG_INFORMATION_FORMAT = dwarf;
				ENABLE_STRICT_OBJC_MSGSEND = YES;
				ENABLE_TESTABILITY = YES;
				GCC_C_LANGUAGE_STANDARD = gnu11;
				GCC_DYNAMIC_NO_PIC = NO;
				GCC_NO_COMMON_BLOCKS = YES;
				GCC_OPTIMIZATION_LEVEL = 0;
				GCC_PREPROCESSOR_DEFINITIONS = (
					"DEBUG=1",
					"$(inherited)",
				);
				GCC_WARN_64_TO_32_BIT_CONVERSION = YES;
				GCC_WARN_ABOUT_RETURN_TYPE = YES_ERROR;
				GCC_WARN_UNDECLARED_SELECTOR = YES;
				GCC_WARN_UNINITIALIZED_AUTOS = YES_AGGRESSIVE;
				GCC_WARN_UNUSED_FUNCTION = YES;
				GCC_WARN_UNUSED_VARIABLE = YES;
				IPHONEOS_DEPLOYMENT_TARGET = 16.2;
				MTL_ENABLE_DEBUG_INFO = INCLUDE_SOURCE;
				MTL_FAST_MATH = YES;
				ONLY_ACTIVE_ARCH = YES;
				SDKROOT = iphoneos;
				SWIFT_ACTIVE_COMPILATION_CONDITIONS = DEBUG;
				SWIFT_OPTIMIZATION_LEVEL = "-Onone";
			};
			name = Debug;
		};
		9D605CF729E3C94000813D9B /* Release */ = {
			isa = XCBuildConfiguration;
			buildSettings = {
				ALWAYS_SEARCH_USER_PATHS = NO;
				CLANG_ANALYZER_NONNULL = YES;
				CLANG_ANALYZER_NUMBER_OBJECT_CONVERSION = YES_AGGRESSIVE;
				CLANG_CXX_LANGUAGE_STANDARD = "gnu++20";
				CLANG_ENABLE_MODULES = YES;
				CLANG_ENABLE_OBJC_ARC = YES;
				CLANG_ENABLE_OBJC_WEAK = YES;
				CLANG_WARN_BLOCK_CAPTURE_AUTORELEASING = YES;
				CLANG_WARN_BOOL_CONVERSION = YES;
				CLANG_WARN_COMMA = YES;
				CLANG_WARN_CONSTANT_CONVERSION = YES;
				CLANG_WARN_DEPRECATED_OBJC_IMPLEMENTATIONS = YES;
				CLANG_WARN_DIRECT_OBJC_ISA_USAGE = YES_ERROR;
				CLANG_WARN_DOCUMENTATION_COMMENTS = YES;
				CLANG_WARN_EMPTY_BODY = YES;
				CLANG_WARN_ENUM_CONVERSION = YES;
				CLANG_WARN_INFINITE_RECURSION = YES;
				CLANG_WARN_INT_CONVERSION = YES;
				CLANG_WARN_NON_LITERAL_NULL_CONVERSION = YES;
				CLANG_WARN_OBJC_IMPLICIT_RETAIN_SELF = YES;
				CLANG_WARN_OBJC_LITERAL_CONVERSION = YES;
				CLANG_WARN_OBJC_ROOT_CLASS = YES_ERROR;
				CLANG_WARN_QUOTED_INCLUDE_IN_FRAMEWORK_HEADER = YES;
				CLANG_WARN_RANGE_LOOP_ANALYSIS = YES;
				CLANG_WARN_STRICT_PROTOTYPES = YES;
				CLANG_WARN_SUSPICIOUS_MOVE = YES;
				CLANG_WARN_UNGUARDED_AVAILABILITY = YES_AGGRESSIVE;
				CLANG_WARN_UNREACHABLE_CODE = YES;
				CLANG_WARN__DUPLICATE_METHOD_MATCH = YES;
				COPY_PHASE_STRIP = NO;
				DEBUG_INFORMATION_FORMAT = "dwarf-with-dsym";
				ENABLE_NS_ASSERTIONS = NO;
				ENABLE_STRICT_OBJC_MSGSEND = YES;
				GCC_C_LANGUAGE_STANDARD = gnu11;
				GCC_NO_COMMON_BLOCKS = YES;
				GCC_WARN_64_TO_32_BIT_CONVERSION = YES;
				GCC_WARN_ABOUT_RETURN_TYPE = YES_ERROR;
				GCC_WARN_UNDECLARED_SELECTOR = YES;
				GCC_WARN_UNINITIALIZED_AUTOS = YES_AGGRESSIVE;
				GCC_WARN_UNUSED_FUNCTION = YES;
				GCC_WARN_UNUSED_VARIABLE = YES;
				IPHONEOS_DEPLOYMENT_TARGET = 16.2;
				MTL_ENABLE_DEBUG_INFO = NO;
				MTL_FAST_MATH = YES;
				SDKROOT = iphoneos;
				SWIFT_COMPILATION_MODE = wholemodule;
				SWIFT_OPTIMIZATION_LEVEL = "-O";
				VALIDATE_PRODUCT = YES;
			};
			name = Release;
		};
		9D605CF929E3C94000813D9B /* Debug */ = {
			isa = XCBuildConfiguration;
			buildSettings = {
				ASSETCATALOG_COMPILER_APPICON_NAME = AppIcon;
				ASSETCATALOG_COMPILER_GLOBAL_ACCENT_COLOR_NAME = AccentColor;
				CODE_SIGN_STYLE = Automatic;
				CURRENT_PROJECT_VERSION = 1;
				DEVELOPMENT_ASSET_PATHS = "\"SwiftUI Basics/Preview Content\"";
				ENABLE_PREVIEWS = YES;
				GENERATE_INFOPLIST_FILE = YES;
				INFOPLIST_KEY_UIApplicationSceneManifest_Generation = YES;
				INFOPLIST_KEY_UIApplicationSupportsIndirectInputEvents = YES;
				INFOPLIST_KEY_UILaunchScreen_Generation = YES;
				INFOPLIST_KEY_UISupportedInterfaceOrientations_iPad = "UIInterfaceOrientationPortrait UIInterfaceOrientationPortraitUpsideDown UIInterfaceOrientationLandscapeLeft UIInterfaceOrientationLandscapeRight";
				INFOPLIST_KEY_UISupportedInterfaceOrientations_iPhone = "UIInterfaceOrientationPortrait UIInterfaceOrientationLandscapeLeft UIInterfaceOrientationLandscapeRight";
				IPHONEOS_DEPLOYMENT_TARGET = 14.0;
				LD_RUNPATH_SEARCH_PATHS = (
					"$(inherited)",
					"@executable_path/Frameworks",
				);
				MARKETING_VERSION = 1.0;
				PRODUCT_BUNDLE_IDENTIFIER = "com.akanksha.SwiftUI-Basics";
				PRODUCT_NAME = "$(TARGET_NAME)";
				SWIFT_EMIT_LOC_STRINGS = YES;
				SWIFT_VERSION = 5.0;
				TARGETED_DEVICE_FAMILY = "1,2";
			};
			name = Debug;
		};
		9D605CFA29E3C94000813D9B /* Release */ = {
			isa = XCBuildConfiguration;
			buildSettings = {
				ASSETCATALOG_COMPILER_APPICON_NAME = AppIcon;
				ASSETCATALOG_COMPILER_GLOBAL_ACCENT_COLOR_NAME = AccentColor;
				CODE_SIGN_STYLE = Automatic;
				CURRENT_PROJECT_VERSION = 1;
				DEVELOPMENT_ASSET_PATHS = "\"SwiftUI Basics/Preview Content\"";
				ENABLE_PREVIEWS = YES;
				GENERATE_INFOPLIST_FILE = YES;
				INFOPLIST_KEY_UIApplicationSceneManifest_Generation = YES;
				INFOPLIST_KEY_UIApplicationSupportsIndirectInputEvents = YES;
				INFOPLIST_KEY_UILaunchScreen_Generation = YES;
				INFOPLIST_KEY_UISupportedInterfaceOrientations_iPad = "UIInterfaceOrientationPortrait UIInterfaceOrientationPortraitUpsideDown UIInterfaceOrientationLandscapeLeft UIInterfaceOrientationLandscapeRight";
				INFOPLIST_KEY_UISupportedInterfaceOrientations_iPhone = "UIInterfaceOrientationPortrait UIInterfaceOrientationLandscapeLeft UIInterfaceOrientationLandscapeRight";
				IPHONEOS_DEPLOYMENT_TARGET = 14.0;
				LD_RUNPATH_SEARCH_PATHS = (
					"$(inherited)",
					"@executable_path/Frameworks",
				);
				MARKETING_VERSION = 1.0;
				PRODUCT_BUNDLE_IDENTIFIER = "com.akanksha.SwiftUI-Basics";
				PRODUCT_NAME = "$(TARGET_NAME)";
				SWIFT_EMIT_LOC_STRINGS = YES;
				SWIFT_VERSION = 5.0;
				TARGETED_DEVICE_FAMILY = "1,2";
			};
			name = Release;
		};
/* End XCBuildConfiguration section */

/* Begin XCConfigurationList section */
		9D605CE529E3C93F00813D9B /* Build configuration list for PBXProject "SwiftUI Basics" */ = {
			isa = XCConfigurationList;
			buildConfigurations = (
				9D605CF629E3C94000813D9B /* Debug */,
				9D605CF729E3C94000813D9B /* Release */,
			);
			defaultConfigurationIsVisible = 0;
			defaultConfigurationName = Release;
		};
		9D605CF829E3C94000813D9B /* Build configuration list for PBXNativeTarget "SwiftUI Basics" */ = {
			isa = XCConfigurationList;
			buildConfigurations = (
				9D605CF929E3C94000813D9B /* Debug */,
				9D605CFA29E3C94000813D9B /* Release */,
			);
			defaultConfigurationIsVisible = 0;
			defaultConfigurationName = Release;
		};
/* End XCConfigurationList section */
	};
	rootObject = 9D605CE229E3C93F00813D9B /* Project object */;
}
